
Microsoft Visual Studio Solution File, Format Version 12.00
# Visual Studio 15
VisualStudioVersion = 15.0.28010.2016
MinimumVisualStudioVersion = 10.0.40219.1
Project("{FAE04EC0-301F-11D3-BF4B-00C04F79EFBC}") = "Coordinates", "Coordinates\Coordinates.csproj", "{B7D749FF-382F-4047-9B46-2CA4406CA908}"
EndProject
Project("{FAE04EC0-301F-11D3-BF4B-00C04F79EFBC}") = "Coordinates.Tests", "Coordinates.Tests\Coordinates.Tests.csproj", "{8E5BD0CD-3CA3-4AC1-8263-302A052C1B79}"
EndProject
Global
	GlobalSection(SolutionConfigurationPlatforms) = preSolution
		Debug|Any CPU = Debug|Any CPU
		Release|Any CPU = Release|Any CPU
	EndGlobalSection
	GlobalSection(ProjectConfigurationPlatforms) = postSolution
		{B7D749FF-382F-4047-9B46-2CA4406CA908}.Debug|Any CPU.ActiveCfg = Debug|Any CPU
		{B7D749FF-382F-4047-9B46-2CA4406CA908}.Debug|Any CPU.Build.0 = Debug|Any CPU
		{B7D749FF-382F-4047-9B46-2CA4406CA908}.Release|Any CPU.ActiveCfg = Release|Any CPU
		{B7D749FF-382F-4047-9B46-2CA4406CA908}.Release|Any CPU.Build.0 = Release|Any CPU
		{8E5BD0CD-3CA3-4AC1-8263-302A052C1B79}.Debug|Any CPU.ActiveCfg = Debug|Any CPU
		{8E5BD0CD-3CA3-4AC1-8263-302A052C1B79}.Debug|Any CPU.Build.0 = Debug|Any CPU
		{8E5BD0CD-3CA3-4AC1-8263-302A052C1B79}.Release|Any CPU.ActiveCfg = Release|Any CPU
		{8E5BD0CD-3CA3-4AC1-8263-302A052C1B79}.Release|Any CPU.Build.0 = Release|Any CPU
	EndGlobalSection
	GlobalSection(SolutionProperties) = preSolution
		HideSolutionNode = FALSE
	EndGlobalSection
	GlobalSection(ExtensibilityGlobals) = postSolution
		SolutionGuid = {DC2F4C25-DC72-4602-ABAE-CB524D32CF14}
	EndGlobalSection
EndGlobal
